<?xml version="1.0" encoding="utf-8"?>
<Project ToolsVersion="4.0" xmlns="http://schemas.microsoft.com/developer/msbuild/2003">
  <ItemGroup>
    <ClCompile Include="src\object\component\RigidBodyComponent.cpp" />
    <ClCompile Include="src\object\component\SpriteComponent.cpp" />
    <ClCompile Include="src\graphics\Sprite.cpp" />
    <ClCompile Include="src\graphics\PostEffect.cpp" />
    <ClCompile Include="src\graphics\Skybox.cpp" />
    <ClCompile Include="src\graphics\LightManager.cpp" />
    <ClCompile Include="src\object\component\Light.cpp" />
    <ClCompile Include="src\graphics\Material.cpp" />
    <ClCompile Include="src\graphics\Mesh.cpp" />
    <ClCompile Include="src\graphics\Model.cpp" />
    <ClCompile Include="src\graphics\Renderer.cpp" />
    <ClCompile Include="src\graphics\Shader.cpp" />
    <ClCompile Include="src\graphics\Texture.cpp" />
    <ClCompile Include="src\Input.cpp" />
    <ClCompile Include="src\object\component\Camera.cpp" />
    <ClCompile Include="src\object\component\Component.cpp" />
    <ClCompile Include="src\object\component\RenderComponent.cpp" />
    <ClCompile Include="src\object\component\SoundComponent.cpp" />
    <ClCompile Include="src\object\component\TextComponent.cpp" />
    <ClCompile Include="src\object\component\Transform.cpp" />
    <ClCompile Include="src\object\GameObject.cpp" />
    <ClCompile Include="src\object\Object.cpp" />
    <ClCompile Include="src\Physics.cpp" />
    <ClCompile Include="src\Scene.cpp" />
    <ClCompile Include="src\Sound.cpp" />
    <ClCompile Include="src\ThomasCore.cpp" />
    <ClCompile Include="src\utils\AssimpLoader.cpp" />
    <ClCompile Include="src\utils\D3d.cpp" />
    <ClCompile Include="src\utils\HeightMap.cpp" />
    <ClCompile Include="src\utils\Plane.cpp" />
    <ClCompile Include="src\Window.cpp" />
    <ClCompile Include="src\graphics\TextRender.cpp" />
    <ClCompile Include="src\object\component\TextComponent.cpp" />
    <ClCompile Include="src\graphics\Sprite.cpp" />
    <ClCompile Include="src\object\component\SpriteComponent.cpp" />
    <ClCompile Include="src\Physics.cpp" />
    <ClCompile Include="src\object\component\RigidBodyComponent.cpp" />
    <ClCompile Include="src\graphics\ParticleSystem.cpp" />
    <ClCompile Include="src\utils\DebugTools.cpp" />
    <ClCompile Include="src\graphics\BulletDebugDraw.cpp" />
    <ClCompile Include="src\object\component\ParticleEmitterComponent.cpp" />
    <ClCompile Include="src\utils\FrustumCulling.cpp" />
    <ClCompile Include="src\object\component\FrustumCullingComponent.cpp" />
    <ClCompile Include="src\ThomasTime.cpp" />
    <ClCompile Include="src\graphics\GeometryDraw.cpp" />
  </ItemGroup>
  <ItemGroup>
    <ClInclude Include="src\graphics\ParticleSystem.h" />
    <ClInclude Include="src\utils\DebugTools.h" />
    <ClInclude Include="src\graphics\BulletDebugDraw.h" />
    <ClInclude Include="src\object\component\RigidBodyComponent.h" />
    <ClInclude Include="src\object\component\SpriteComponent.h" />
    <ClInclude Include="src\graphics\Sprite.h" />
    <ClInclude Include="src\graphics\LightManager.h" />
    <ClInclude Include="src\graphics\PostEffect.h" />
    <ClInclude Include="src\object\component\Light.h" />
    <ClInclude Include="src\graphics\Skybox.h" />
    <ClInclude Include="src\graphics\Material.h" />
    <ClInclude Include="src\Common.h" />
    <ClInclude Include="src\graphics\Mesh.h" />
    <ClInclude Include="src\graphics\Model.h" />
    <ClInclude Include="src\graphics\Renderer.h" />
    <ClInclude Include="src\graphics\Shader.h" />
    <ClInclude Include="src\graphics\Texture.h" />
    <ClInclude Include="src\Input.h" />
    <ClInclude Include="src\object\component\Camera.h" />
    <ClInclude Include="src\object\component\Component.h" />
    <ClInclude Include="src\object\component\Components.h" />
    <ClInclude Include="src\object\component\RenderComponent.h" />
    <ClInclude Include="src\object\component\SoundComponent.h" />
    <ClInclude Include="src\object\component\TextComponent.h" />
    <ClInclude Include="src\object\component\Transform.h" />
    <ClInclude Include="src\object\GameObject.h" />
    <ClInclude Include="src\object\Object.h" />
    <ClInclude Include="src\Physics.h" />
    <ClInclude Include="src\Scene.h" />
    <ClInclude Include="src\Thomas.h" />
    <ClInclude Include="src\ThomasCore.h" />
    <ClInclude Include="src\utils\AssimpLoader.h" />
    <ClInclude Include="src\utils\d3d.h" />
    <ClInclude Include="src\utils\HeightMap.h" />
    <ClInclude Include="src\utils\Math.h" />
    <ClInclude Include="src\utils\Ocean\OceanSimulator.h" />
    <ClInclude Include="src\utils\Plane.h" />
    <ClInclude Include="src\Sound.h" />
    <ClInclude Include="src\Window.h" />
    <ClInclude Include="src\graphics\TextRender.h" />
    <ClInclude Include="src\object\component\ParticleEmitterComponent.h" />
    <ClInclude Include="src\utils\FrustumCulling.h" />
    <ClInclude Include="src\object\component\FrustumCullingComponent.h" />
    <ClInclude Include="src\ThomasTime.h" />
    <ClInclude Include="src\graphics\GeometryDraw.h" />
    <ClInclude Include="src\TestScene.h" />
  </ItemGroup>
</Project>