<?xml version="1.0" encoding="utf-8"?>
<Project ToolsVersion="4.0" xmlns="http://schemas.microsoft.com/developer/msbuild/2003">
  <ItemGroup>
    <ClCompile Include="src\thomas\graphics\BulletDebugDraw.cpp" />
    <ClCompile Include="src\thomas\graphics\ComputeShader.cpp" />
    <ClCompile Include="src\thomas\graphics\LightManager.cpp" />
    <ClCompile Include="src\thomas\graphics\Material.cpp" />
    <ClCompile Include="src\thomas\graphics\MaterialProperty.cpp" />
    <ClCompile Include="src\thomas\graphics\Mesh.cpp" />
    <ClCompile Include="src\thomas\graphics\Model.cpp" />
    <ClCompile Include="src\thomas\graphics\ParticleSystem.cpp" />
    <ClCompile Include="src\thomas\graphics\Renderer.cpp" />
    <ClCompile Include="src\thomas\graphics\Shader.cpp" />
    <ClCompile Include="src\thomas\graphics\Skybox.cpp" />
    <ClCompile Include="src\thomas\graphics\Sprite.cpp" />
    <ClCompile Include="src\thomas\graphics\TextRender.cpp" />
    <ClCompile Include="src\thomas\graphics\Texture.cpp" />
    <ClCompile Include="src\thomas\object\component\Camera.cpp" />
    <ClCompile Include="src\thomas\object\component\FrustumCullingComponent.cpp" />
    <ClCompile Include="src\thomas\object\component\Light.cpp" />
    <ClCompile Include="src\thomas\object\component\ParticleEmitterComponent.cpp" />
    <ClCompile Include="src\thomas\object\component\RenderComponent.cpp" />
    <ClCompile Include="src\thomas\object\component\RigidBodyComponent.cpp" />
    <ClCompile Include="src\thomas\object\component\SoundComponent.cpp" />
    <ClCompile Include="src\thomas\object\component\SpriteComponent.cpp" />
    <ClCompile Include="src\thomas\object\component\TextComponent.cpp" />
    <ClCompile Include="src\thomas\object\component\Transform.cpp" />
    <ClCompile Include="src\thomas\object\GameObject.cpp" />
    <ClCompile Include="src\thomas\object\Object.cpp" />
    <ClCompile Include="src\thomas\utils\AssimpLoader.cpp" />
    <ClCompile Include="src\thomas\utils\D3d.cpp" />
    <ClCompile Include="src\thomas\utils\DebugTools.cpp" />
    <ClCompile Include="src\thomas\utils\FrustumCulling.cpp" />
    <ClCompile Include="src\thomas\utils\HeightMap.cpp" />
    <ClCompile Include="src\thomas\utils\Plane.cpp" />
    <ClCompile Include="src\thomas\Input.cpp" />
    <ClCompile Include="src\thomas\Physics.cpp" />
    <ClCompile Include="src\thomas\Scene.cpp" />
    <ClCompile Include="src\thomas\Sound.cpp" />
    <ClCompile Include="src\thomas\ThomasCore.cpp" />
    <ClCompile Include="src\thomas\ThomasTime.cpp" />
    <ClCompile Include="src\thomas\Window.cpp" />
    <ClCompile Include="src\thomas\editor\EditorCamera.cpp" />
    <ClCompile Include="src\thomas\editor\EditorGrid.cpp" />
    <ClCompile Include="src\thomas\editor\gizmos\GizmoRender.cpp" />
    <ClCompile Include="src\thomas\editor\gizmos\GizmoTransform.cpp" />
    <ClCompile Include="src\thomas\editor\gizmos\Gizmos.cpp" />
  </ItemGroup>
  <ItemGroup>
    <ClInclude Include="src\thomas\graphics\BulletDebugDraw.h" />
    <ClInclude Include="src\thomas\graphics\ComputeShader.h" />
    <ClInclude Include="src\thomas\graphics\LightManager.h" />
    <ClInclude Include="src\thomas\graphics\Material.h" />
    <ClInclude Include="src\thomas\graphics\MaterialProperty.h" />
    <ClInclude Include="src\thomas\graphics\Mesh.h" />
    <ClInclude Include="src\thomas\graphics\Model.h" />
    <ClInclude Include="src\thomas\graphics\ParticleSystem.h" />
    <ClInclude Include="src\thomas\graphics\Renderer.h" />
    <ClInclude Include="src\thomas\graphics\Shader.h" />
    <ClInclude Include="src\thomas\graphics\Skybox.h" />
    <ClInclude Include="src\thomas\graphics\Sprite.h" />
    <ClInclude Include="src\thomas\graphics\TextRender.h" />
    <ClInclude Include="src\thomas\graphics\Texture.h" />
    <ClInclude Include="src\thomas\object\component\Camera.h" />
    <ClInclude Include="src\thomas\object\component\Component.h" />
    <ClInclude Include="src\thomas\object\component\Components.h" />
    <ClInclude Include="src\thomas\object\component\FrustumCullingComponent.h" />
    <ClInclude Include="src\thomas\object\component\Light.h" />
    <ClInclude Include="src\thomas\object\component\ParticleEmitterComponent.h" />
    <ClInclude Include="src\thomas\object\component\RenderComponent.h" />
    <ClInclude Include="src\thomas\object\component\RigidBodyComponent.h" />
    <ClInclude Include="src\thomas\object\component\SoundComponent.h" />
    <ClInclude Include="src\thomas\object\component\SpriteComponent.h" />
    <ClInclude Include="src\thomas\object\component\TextComponent.h" />
    <ClInclude Include="src\thomas\object\component\Transform.h" />
    <ClInclude Include="src\thomas\object\GameObject.h" />
    <ClInclude Include="src\thomas\object\Object.h" />
    <ClInclude Include="src\thomas\utils\noise\model\cylinder.h" />
    <ClInclude Include="src\thomas\utils\noise\model\line.h" />
    <ClInclude Include="src\thomas\utils\noise\model\model.h" />
    <ClInclude Include="src\thomas\utils\noise\model\plane.h" />
    <ClInclude Include="src\thomas\utils\noise\model\sphere.h" />
    <ClInclude Include="src\thomas\utils\noise\module\abs.h" />
    <ClInclude Include="src\thomas\utils\noise\module\add.h" />
    <ClInclude Include="src\thomas\utils\noise\module\billow.h" />
    <ClInclude Include="src\thomas\utils\noise\module\blend.h" />
    <ClInclude Include="src\thomas\utils\noise\module\cache.h" />
    <ClInclude Include="src\thomas\utils\noise\module\checkerboard.h" />
    <ClInclude Include="src\thomas\utils\noise\module\clamp.h" />
    <ClInclude Include="src\thomas\utils\noise\module\const.h" />
    <ClInclude Include="src\thomas\utils\noise\module\curve.h" />
    <ClInclude Include="src\thomas\utils\noise\module\cylinders.h" />
    <ClInclude Include="src\thomas\utils\noise\module\displace.h" />
    <ClInclude Include="src\thomas\utils\noise\module\exponent.h" />
    <ClInclude Include="src\thomas\utils\noise\module\invert.h" />
    <ClInclude Include="src\thomas\utils\noise\module\max.h" />
    <ClInclude Include="src\thomas\utils\noise\module\min.h" />
    <ClInclude Include="src\thomas\utils\noise\module\module.h" />
    <ClInclude Include="src\thomas\utils\noise\module\modulebase.h" />
    <ClInclude Include="src\thomas\utils\noise\module\multiply.h" />
    <ClInclude Include="src\thomas\utils\noise\module\perlin.h" />
    <ClInclude Include="src\thomas\utils\noise\module\power.h" />
    <ClInclude Include="src\thomas\utils\noise\module\ridgedmulti.h" />
    <ClInclude Include="src\thomas\utils\noise\module\rotatepoint.h" />
    <ClInclude Include="src\thomas\utils\noise\module\scalebias.h" />
    <ClInclude Include="src\thomas\utils\noise\module\scalepoint.h" />
    <ClInclude Include="src\thomas\utils\noise\module\select.h" />
    <ClInclude Include="src\thomas\utils\noise\module\spheres.h" />
    <ClInclude Include="src\thomas\utils\noise\module\terrace.h" />
    <ClInclude Include="src\thomas\utils\noise\module\translatepoint.h" />
    <ClInclude Include="src\thomas\utils\noise\module\turbulence.h" />
    <ClInclude Include="src\thomas\utils\noise\module\voronoi.h" />
    <ClInclude Include="src\thomas\utils\noise\basictypes.h" />
    <ClInclude Include="src\thomas\utils\noise\exception.h" />
    <ClInclude Include="src\thomas\utils\noise\interp.h" />
    <ClInclude Include="src\thomas\utils\noise\latlon.h" />
    <ClInclude Include="src\thomas\utils\noise\mathconsts.h" />
    <ClInclude Include="src\thomas\utils\noise\misc.h" />
    <ClInclude Include="src\thomas\utils\noise\noise.h" />
    <ClInclude Include="src\thomas\utils\noise\noisegen.h" />
    <ClInclude Include="src\thomas\utils\noise\vectortable.h" />
    <ClInclude Include="src\thomas\utils\AssimpLoader.h" />
    <ClInclude Include="src\thomas\utils\d3d.h" />
    <ClInclude Include="src\thomas\utils\DebugTools.h" />
    <ClInclude Include="src\thomas\utils\FrustumCulling.h" />
    <ClInclude Include="src\thomas\utils\HeightMap.h" />
    <ClInclude Include="src\thomas\utils\Math.h" />
    <ClInclude Include="src\thomas\utils\Plane.h" />
    <ClInclude Include="src\thomas\Common.h" />
    <ClInclude Include="src\thomas\Input.h" />
    <ClInclude Include="src\thomas\Physics.h" />
    <ClInclude Include="src\thomas\Scene.h" />
    <ClInclude Include="src\thomas\Sound.h" />
    <ClInclude Include="src\thomas\Thomas.h" />
    <ClInclude Include="src\thomas\ThomasCore.h" />
    <ClInclude Include="src\thomas\ThomasTime.h" />
    <ClInclude Include="src\thomas\Window.h" />
    <ClInclude Include="src\thomas\object\component\ScriptComponent.h" />
    <ClInclude Include="src\thomas\editor\EditorCamera.h" />
    <ClInclude Include="src\thomas\editor\EditorGrid.h" />
    <ClInclude Include="src\thomas\editor\gizmos\GizmoTransform.h" />
    <ClInclude Include="src\thomas\editor\gizmos\GizmoRender.h" />
    <ClInclude Include="src\thomas\editor\gizmos\Gizmos.h" />
  </ItemGroup>
</Project>